
Microsoft Visual Studio Solution File, Format Version 12.00
# Visual Studio Version 16
VisualStudioVersion = 16.0.30011.22
MinimumVisualStudioVersion = 10.0.40219.1
Project("{8BC9CEB8-8B4A-11D0-8D11-00A0C91BC942}") = "Project50", "Project50\Project50.vcxproj", "{E25BBE81-8062-4FAD-8D51-A294CF7D17C3}"
EndProject
Global
	GlobalSection(SolutionConfigurationPlatforms) = preSolution
		Debug|x64 = Debug|x64
		Debug|x86 = Debug|x86
		Release|x64 = Release|x64
		Release|x86 = Release|x86
	EndGlobalSection
	GlobalSection(ProjectConfigurationPlatforms) = postSolution
		{E25BBE81-8062-4FAD-8D51-A294CF7D17C3}.Debug|x64.ActiveCfg = Debug|x64
		{E25BBE81-8062-4FAD-8D51-A294CF7D17C3}.Debug|x64.Build.0 = Debug|x64
		{E25BBE81-8062-4FAD-8D51-A294CF7D17C3}.Debug|x86.ActiveCfg = Debug|Win32
		{E25BBE81-8062-4FAD-8D51-A294CF7D17C3}.Debug|x86.Build.0 = Debug|Win32
		{E25BBE81-8062-4FAD-8D51-A294CF7D17C3}.Release|x64.ActiveCfg = Release|x64
		{E25BBE81-8062-4FAD-8D51-A294CF7D17C3}.Release|x64.Build.0 = Release|x64
		{E25BBE81-8062-4FAD-8D51-A294CF7D17C3}.Release|x86.ActiveCfg = Release|Win32
		{E25BBE81-8062-4FAD-8D51-A294CF7D17C3}.Release|x86.Build.0 = Release|Win32
	EndGlobalSection
	GlobalSection(SolutionProperties) = preSolution
		HideSolutionNode = FALSE
	EndGlobalSection
	GlobalSection(ExtensibilityGlobals) = postSolution
		SolutionGuid = {827EEBEE-D705-43FC-9906-CF1D1FF80FFD}
	EndGlobalSection
EndGlobal
